Microsoft Visual Studio Solution File, Format Version 12.00
# Visual Studio Version 17
VisualStudioVersion = 17.5.2.0
MinimumVisualStudioVersion = 10.0.40219.1
Project("{FAE04EC0-301F-11D3-BF4B-00C04F79EFBC}") = "task01", "task01\task01.csproj", "{34519BF3-F7A6-3477-C81A-608E57D5A638}"
EndProject
Project("{FAE04EC0-301F-11D3-BF4B-00C04F79EFBC}") = "task01tests", "task01tests\task01tests.csproj", "{6097A84F-88C7-A831-597C-02F24B59F3C8}"
EndProject
Global
	GlobalSection(SolutionConfigurationPlatforms) = preSolution
		Debug|Any CPU = Debug|Any CPU
		Release|Any CPU = Release|Any CPU
	EndGlobalSection
	GlobalSection(ProjectConfigurationPlatforms) = postSolution
		{34519BF3-F7A6-3477-C81A-608E57D5A638}.Debug|Any CPU.ActiveCfg = Debug|Any CPU
		{34519BF3-F7A6-3477-C81A-608E57D5A638}.Debug|Any CPU.Build.0 = Debug|Any CPU
		{34519BF3-F7A6-3477-C81A-608E57D5A638}.Release|Any CPU.ActiveCfg = Release|Any CPU
		{34519BF3-F7A6-3477-C81A-608E57D5A638}.Release|Any CPU.Build.0 = Release|Any CPU
		{6097A84F-88C7-A831-597C-02F24B59F3C8}.Debug|Any CPU.ActiveCfg = Debug|Any CPU
		{6097A84F-88C7-A831-597C-02F24B59F3C8}.Debug|Any CPU.Build.0 = Debug|Any CPU
		{6097A84F-88C7-A831-597C-02F24B59F3C8}.Release|Any CPU.ActiveCfg = Release|Any CPU
		{6097A84F-88C7-A831-597C-02F24B59F3C8}.Release|Any CPU.Build.0 = Release|Any CPU
	EndGlobalSection
	GlobalSection(SolutionProperties) = preSolution
		HideSolutionNode = FALSE
	EndGlobalSection
	GlobalSection(ExtensibilityGlobals) = postSolution
		SolutionGuid = {741979A3-AD86-4190-8983-0C2F04AE556A}
	EndGlobalSection
EndGlobal
